
Microsoft Visual Studio Solution File, Format Version 12.00
# Visual Studio Version 17
VisualStudioVersion = 17.13.35806.99 d17.13
MinimumVisualStudioVersion = 10.0.40219.1
Project("{FAE04EC0-301F-11D3-BF4B-00C04F79EFBC}") = "wSistemaReservaVuelo", "wSistemaReservaVuelo\wSistemaReservaVuelo.csproj", "{CE137967-F91D-4A9F-96E2-044D4DEEF226}"
EndProject
Global
	GlobalSection(SolutionConfigurationPlatforms) = preSolution
		Debug|Any CPU = Debug|Any CPU
		Release|Any CPU = Release|Any CPU
	EndGlobalSection
	GlobalSection(ProjectConfigurationPlatforms) = postSolution
		{CE137967-F91D-4A9F-96E2-044D4DEEF226}.Debug|Any CPU.ActiveCfg = Debug|Any CPU
		{CE137967-F91D-4A9F-96E2-044D4DEEF226}.Debug|Any CPU.Build.0 = Debug|Any CPU
		{CE137967-F91D-4A9F-96E2-044D4DEEF226}.Release|Any CPU.ActiveCfg = Release|Any CPU
		{CE137967-F91D-4A9F-96E2-044D4DEEF226}.Release|Any CPU.Build.0 = Release|Any CPU
	EndGlobalSection
	GlobalSection(SolutionProperties) = preSolution
		HideSolutionNode = FALSE
	EndGlobalSection
	GlobalSection(ExtensibilityGlobals) = postSolution
		SolutionGuid = {B2484B3C-6AF0-4599-A6ED-4EEF9482A243}
	EndGlobalSection
EndGlobal
